{
  "name": "seat-ase",
  "lockfileVersion": 3,
  "requires": true,
  "packages": {
    "": {
      "name": "seat-ase",
      "workspaces": [
        "api",
        "shared"
      ],
      "engines": {
        "node": ">=22"
      }
    },
    "api": {
      "name": "@seat-ase/api",
      "version": "0.1.0"
    },
    "node_modules/@seat-ase/api": {
      "resolved": "api",
      "link": true
    },
    "node_modules/@seat-ase/shared": {
      "resolved": "shared",
      "link": true
    },
    "shared": {
      "name": "@seat-ase/shared",
      "version": "0.1.0"
    }
  }
}
